github.com/jung-kurt/gofpdf/v2 v2.20.0 h1:G9JhXfvKGfBX3t6EOMjnAP5Ug6KLaJMuoDwRpvXJ5w=
github.com/jung-kurt/gofpdf/v2 v2.20.0/go.mod h1:Gm4jVDTgEgXjxQC4Hf/yp/4lM6A1ZhOpXCYhCCrp4Y=
golang.org/x/net v0.27.0 h1:5K3Njcw06/l2y9vpGCSdcxWOYHOUk3dVNGDXN+FvAys=
golang.org/x/net v0.27.0/go.mod h1:dQx2/5fY9+S51PsQQRtnawZLDfCRC5ISZF8vLnbbiA=
golang.org/x/sync v0.7.0 h1:YsImfSBoP9QZHZS+PL/tfNU7ZfF9FQVROC1D9rHxI8=
golang.org/x/sync v0.7.0/go.mod h1:Czt+wKe+Z5l7uJ2pErbKLHfMc8caAmYHXQcedfy2P4=
