{
  "name": "karlhaworth-com",
  "version": "0.0.1",
  "lockfileVersion": 2,
  "requires": true,
  "packages": {
    "": {
      "name": "karlhaworth-com",
      "version": "0.0.1",
      "license": "ISC",
      "dependencies": {
        "jquery": "^3.7.1",
        "lightbox2": "^2.11.5"
      },
      "devDependencies": {
        "tailwindcss": "^4.0.2"
      }
    },
    "node_modules/jquery": {
      "version": "3.7.1",
      "resolved": "https://registry.npmjs.org/jquery/-/jquery-3.7.1.tgz",
      "integrity": "sha512-m4avr8yL8kmFN8psrbFFFmB/If14iN5o9nw/NgnnM+kybDJpRsAynV2BsfpTYrTRysYUdADVD7CkUUizgkpLfg=="
    },
    "node_modules/lightbox2": {
      "version": "2.11.5",
      "resolved": "https://registry.npmjs.org/lightbox2/-/lightbox2-2.11.5.tgz",
      "integrity": "sha512-IsDqv/D9pjgh7GvwTNvmHF98+nrIcOD17fraXgtx8ivq469y95l5ycLi6SeZAZHdeyD3cGLjYwbDX8SRfWx5fA=="
    },
    "node_modules/tailwindcss": {
      "version": "4.0.2",
      "resolved": "https://registry.npmjs.org/tailwindcss/-/tailwindcss-4.0.2.tgz",
      "integrity": "sha512-cjWQjZEbzQNqH4IiSjRcYg96zjlu+rjzTFkqTc/fN3FNnIU4CoNlQvwCsIomwG/2EPWYT9ysFL1QF6Av3fZeNg==",
      "dev": true,
      "license": "MIT"
    }
  },
  "dependencies": {
    "jquery": {
      "version": "3.7.1",
      "resolved": "https://registry.npmjs.org/jquery/-/jquery-3.7.1.tgz",
      "integrity": "sha512-m4avr8yL8kmFN8psrbFFFmB/If14iN5o9nw/NgnnM+kybDJpRsAynV2BsfpTYrTRysYUdADVD7CkUUizgkpLfg=="
    },
    "lightbox2": {
      "version": "2.11.5",
      "resolved": "https://registry.npmjs.org/lightbox2/-/lightbox2-2.11.5.tgz",
      "integrity": "sha512-IsDqv/D9pjgh7GvwTNvmHF98+nrIcOD17fraXgtx8ivq469y95l5ycLi6SeZAZHdeyD3cGLjYwbDX8SRfWx5fA=="
    },
    "tailwindcss": {
      "version": "4.0.2",
      "resolved": "https://registry.npmjs.org/tailwindcss/-/tailwindcss-4.0.2.tgz",
      "integrity": "sha512-cjWQjZEbzQNqH4IiSjRcYg96zjlu+rjzTFkqTc/fN3FNnIU4CoNlQvwCsIomwG/2EPWYT9ysFL1QF6Av3fZeNg==",
      "dev": true
    }
  }
}
